<?xml version="1.0" encoding="UTF-8" standalone="yes" ?>
<CodeBlocks_project_file>
	<FileVersion major="1" minor="6" />
	<Project>
		<Option title="Snake" />
		<Option pch_mode="2" />
		<Option compiler="gcc" />
		<Build>
			<Target title="Debug">
				<Option output="bin/Debug/Snake" prefix_auto="1" extension_auto="1" />
				<Option object_output="obj/Debug/" />
				<Option type="1" />
				<Option compiler="gcc" />
				<Compiler>
					<Add option="-std=c++11" />
					<Add option="-g" />
					<Add option="-DSFML_STATIC" />
					<Add directory="../ext/SFML-2.5.0/include" />
				</Compiler>
				<Linker>
					<Add option="-static-libstdc++" />
					<Add option="-static-libgcc" />
					<Add option="-static" />
					<Add library="sfml-system-d" />
					<Add library="sfml-window-d" />
					<Add library="sfml-graphics-d" />
					<Add library="sfml-main-d" />
					<Add library="sfml-audio-d" />
					<Add library="ogg" />
					<Add library="openal32" />
					<Add library="opengl32" />
					<Add directory="../ext/SFML-2.5.0/lib" />
				</Linker>
			</Target>
			<Target title="Release">
				<Option output="bin/Release/shake" prefix_auto="1" extension_auto="1" />
				<Option object_output="obj/Release/" />
				<Option type="1" />
				<Option compiler="gcc" />
				<Compiler>
					<Add option="-O2" />
					<Add directory="../ext/SFML-2.5.0/include" />
				</Compiler>
				<Linker>
					<Add option="-s" />
					<Add library="sfml-system" />
					<Add library="sfml-window" />
					<Add library="sfml-graphics" />
					<Add library="sfml-main" />
					<Add library="sfml-audio" />
					<Add library="ogg" />
					<Add directory="../ext/SFML-2.5.0/lib" />
				</Linker>
			</Target>
		</Build>
		<Compiler>
			<Add option="-Wall" />
			<Add option="-fexceptions" />
		</Compiler>
		<Linker>
			<Add option="-O3" />
		</Linker>
		<Unit filename="Button.cpp" />
		<Unit filename="Button.h">
			<Option target="&lt;{~None~}&gt;" />
		</Unit>
		<Unit filename="Buttonscntrl.cpp" />
		<Unit filename="Buttonscntrl.h">
			<Option target="&lt;{~None~}&gt;" />
		</Unit>
		<Unit filename="Defines.h" />
		<Unit filename="Game.cpp" />
		<Unit filename="Game.h">
			<Option target="&lt;{~None~}&gt;" />
		</Unit>
		<Unit filename="Render.cpp" />
		<Unit filename="Render.h">
			<Option target="&lt;{~None~}&gt;" />
		</Unit>
		<Unit filename="Snake.cpp" />
		<Unit filename="Snake.h">
			<Option target="&lt;{~None~}&gt;" />
		</Unit>
		<Unit filename="Snakescntrl.cpp" />
		<Unit filename="Snakescntrl.h">
			<Option target="Release" />
		</Unit>
		<Unit filename="World.cpp" />
		<Unit filename="World.h">
			<Option target="&lt;{~None~}&gt;" />
		</Unit>
		<Unit filename="main.cpp" />
		<Extensions>
			<code_completion />
			<envvars />
			<debugger />
			<lib_finder disable_auto="1" />
		</Extensions>
	</Project>
</CodeBlocks_project_file>
